
Microsoft Visual Studio Solution File, Format Version 12.00
# Visual Studio Version 16
VisualStudioVersion = 16.0.31515.178
MinimumVisualStudioVersion = 10.0.40219.1
Project("{9A19103F-16F7-4668-BE54-9A1E7A4F7556}") = "Roberto_WPF", "Roberto_WPF.csproj", "{187A2DBD-4D57-433F-BAD1-277DF0F30700}"
EndProject
Project("{FAE04EC0-301F-11D3-BF4B-00C04F79EFBC}") = "roberto_test", "roberto_test\roberto_test.csproj", "{6700910E-46C2-48AB-A936-0D5D3EE80698}"
EndProject
Project("{FAE04EC0-301F-11D3-BF4B-00C04F79EFBC}") = "RobertoTestProject", "..\RobertoTestProject\RobertoTestProject.csproj", "{72059A40-2B68-4843-9C20-E40459906525}"
EndProject
Global
	GlobalSection(SolutionConfigurationPlatforms) = preSolution
		Debug|Any CPU = Debug|Any CPU
		Release|Any CPU = Release|Any CPU
	EndGlobalSection
	GlobalSection(ProjectConfigurationPlatforms) = postSolution
		{187A2DBD-4D57-433F-BAD1-277DF0F30700}.Debug|Any CPU.ActiveCfg = Debug|Any CPU
		{187A2DBD-4D57-433F-BAD1-277DF0F30700}.Debug|Any CPU.Build.0 = Debug|Any CPU
		{187A2DBD-4D57-433F-BAD1-277DF0F30700}.Release|Any CPU.ActiveCfg = Release|Any CPU
		{187A2DBD-4D57-433F-BAD1-277DF0F30700}.Release|Any CPU.Build.0 = Release|Any CPU
		{6700910E-46C2-48AB-A936-0D5D3EE80698}.Debug|Any CPU.ActiveCfg = Debug|Any CPU
		{6700910E-46C2-48AB-A936-0D5D3EE80698}.Debug|Any CPU.Build.0 = Debug|Any CPU
		{6700910E-46C2-48AB-A936-0D5D3EE80698}.Release|Any CPU.ActiveCfg = Release|Any CPU
		{6700910E-46C2-48AB-A936-0D5D3EE80698}.Release|Any CPU.Build.0 = Release|Any CPU
		{72059A40-2B68-4843-9C20-E40459906525}.Debug|Any CPU.ActiveCfg = Debug|Any CPU
		{72059A40-2B68-4843-9C20-E40459906525}.Debug|Any CPU.Build.0 = Debug|Any CPU
		{72059A40-2B68-4843-9C20-E40459906525}.Release|Any CPU.ActiveCfg = Release|Any CPU
		{72059A40-2B68-4843-9C20-E40459906525}.Release|Any CPU.Build.0 = Release|Any CPU
	EndGlobalSection
	GlobalSection(SolutionProperties) = preSolution
		HideSolutionNode = FALSE
	EndGlobalSection
	GlobalSection(ExtensibilityGlobals) = postSolution
		SolutionGuid = {90EFB11E-8AF8-47B7-8D8D-CFD5F72FC6FB}
	EndGlobalSection
EndGlobal
