
Microsoft Visual Studio Solution File, Format Version 12.00
# Visual Studio Version 16
VisualStudioVersion = 16.0.31515.178
MinimumVisualStudioVersion = 10.0.40219.1
Project("{FAE04EC0-301F-11D3-BF4B-00C04F79EFBC}") = "Names", "Names.csproj", "{CE41AEC1-0D2E-4588-B095-AB0205307805}"
EndProject
Global
	GlobalSection(SolutionConfigurationPlatforms) = preSolution
		Debug|Any CPU = Debug|Any CPU
		Release|Any CPU = Release|Any CPU
	EndGlobalSection
	GlobalSection(ProjectConfigurationPlatforms) = postSolution
		{CE41AEC1-0D2E-4588-B095-AB0205307805}.Debug|Any CPU.ActiveCfg = Debug|Any CPU
		{CE41AEC1-0D2E-4588-B095-AB0205307805}.Debug|Any CPU.Build.0 = Debug|Any CPU
		{CE41AEC1-0D2E-4588-B095-AB0205307805}.Release|Any CPU.ActiveCfg = Release|Any CPU
		{CE41AEC1-0D2E-4588-B095-AB0205307805}.Release|Any CPU.Build.0 = Release|Any CPU
	EndGlobalSection
	GlobalSection(SolutionProperties) = preSolution
		HideSolutionNode = FALSE
	EndGlobalSection
	GlobalSection(ExtensibilityGlobals) = postSolution
		SolutionGuid = {B4E24F2A-689A-4B16-A2DF-FF5EAA37BABE}
	EndGlobalSection
EndGlobal
